
Microsoft Visual Studio Solution File, Format Version 12.00
# Visual Studio Version 17
VisualStudioVersion = 17.0.31903.59
MinimumVisualStudioVersion = 10.0.40219.1
Project("{FAE04EC0-301F-11D3-BF4B-00C04F79EFBC}") = "JwtStore.Infra", "JwtStore.Infra\JwtStore.Infra.csproj", "{CEA98E49-55AD-7CB0-FF8D-A00D4AF083B2}"
EndProject
Project("{FAE04EC0-301F-11D3-BF4B-00C04F79EFBC}") = "JwtStore.Core", "JwtStore.Core\JwtStore.Core.csproj", "{16ADEA82-6CF0-A45A-BB3B-92CCEEF820FD}"
EndProject
Project("{FAE04EC0-301F-11D3-BF4B-00C04F79EFBC}") = "JwtStore.Api", "JwtStore.Api\JwtStore.Api.csproj", "{1B6D6EAC-59B9-4A09-47D5-B59A04D4B5E8}"
EndProject
Global
	GlobalSection(SolutionConfigurationPlatforms) = preSolution
		Debug|Any CPU = Debug|Any CPU
		Release|Any CPU = Release|Any CPU
	EndGlobalSection
	GlobalSection(ProjectConfigurationPlatforms) = postSolution
		{CEA98E49-55AD-7CB0-FF8D-A00D4AF083B2}.Debug|Any CPU.ActiveCfg = Debug|Any CPU
		{CEA98E49-55AD-7CB0-FF8D-A00D4AF083B2}.Debug|Any CPU.Build.0 = Debug|Any CPU
		{CEA98E49-55AD-7CB0-FF8D-A00D4AF083B2}.Release|Any CPU.ActiveCfg = Release|Any CPU
		{CEA98E49-55AD-7CB0-FF8D-A00D4AF083B2}.Release|Any CPU.Build.0 = Release|Any CPU
		{16ADEA82-6CF0-A45A-BB3B-92CCEEF820FD}.Debug|Any CPU.ActiveCfg = Debug|Any CPU
		{16ADEA82-6CF0-A45A-BB3B-92CCEEF820FD}.Debug|Any CPU.Build.0 = Debug|Any CPU
		{16ADEA82-6CF0-A45A-BB3B-92CCEEF820FD}.Release|Any CPU.ActiveCfg = Release|Any CPU
		{16ADEA82-6CF0-A45A-BB3B-92CCEEF820FD}.Release|Any CPU.Build.0 = Release|Any CPU
		{1B6D6EAC-59B9-4A09-47D5-B59A04D4B5E8}.Debug|Any CPU.ActiveCfg = Debug|Any CPU
		{1B6D6EAC-59B9-4A09-47D5-B59A04D4B5E8}.Debug|Any CPU.Build.0 = Debug|Any CPU
		{1B6D6EAC-59B9-4A09-47D5-B59A04D4B5E8}.Release|Any CPU.ActiveCfg = Release|Any CPU
		{1B6D6EAC-59B9-4A09-47D5-B59A04D4B5E8}.Release|Any CPU.Build.0 = Release|Any CPU
	EndGlobalSection
	GlobalSection(SolutionProperties) = preSolution
		HideSolutionNode = FALSE
	EndGlobalSection
	GlobalSection(ExtensibilityGlobals) = postSolution
		SolutionGuid = {CDA96B88-436A-42B5-B564-0F55E212A6D4}
	EndGlobalSection
EndGlobal
